
Microsoft Visual Studio Solution File, Format Version 12.00
# Visual Studio Version 17
VisualStudioVersion = 17.2.32630.192
MinimumVisualStudioVersion = 10.0.40219.1
Project("{FAE04EC0-301F-11D3-BF4B-00C04F79EFBC}") = "Arrays", "Arrays\Arrays.csproj", "{10D60B0B-BE1F-4B4F-B423-34FAF57C7C5E}"
EndProject
Global
	GlobalSection(SolutionConfigurationPlatforms) = preSolution
		Debug|Any CPU = Debug|Any CPU
		Release|Any CPU = Release|Any CPU
	EndGlobalSection
	GlobalSection(ProjectConfigurationPlatforms) = postSolution
		{10D60B0B-BE1F-4B4F-B423-34FAF57C7C5E}.Debug|Any CPU.ActiveCfg = Debug|Any CPU
		{10D60B0B-BE1F-4B4F-B423-34FAF57C7C5E}.Debug|Any CPU.Build.0 = Debug|Any CPU
		{10D60B0B-BE1F-4B4F-B423-34FAF57C7C5E}.Release|Any CPU.ActiveCfg = Release|Any CPU
		{10D60B0B-BE1F-4B4F-B423-34FAF57C7C5E}.Release|Any CPU.Build.0 = Release|Any CPU
	EndGlobalSection
	GlobalSection(SolutionProperties) = preSolution
		HideSolutionNode = FALSE
	EndGlobalSection
	GlobalSection(ExtensibilityGlobals) = postSolution
		SolutionGuid = {EAD03DBF-342F-4DA9-BE9D-DC57D9D249CD}
	EndGlobalSection
EndGlobal
